
Microsoft Visual Studio Solution File, Format Version 12.00
# Visual Studio 15
VisualStudioVersion = 15.0.27428.2015
MinimumVisualStudioVersion = 10.0.40219.1
Project("{FAE04EC0-301F-11D3-BF4B-00C04F79EFBC}") = "NeoBlockAnalysis", "NeoBlockAnalysis\NeoBlockAnalysis.csproj", "{999068EB-3B38-49F4-8DC8-30B284986DAB}"
EndProject
Global
	GlobalSection(SolutionConfigurationPlatforms) = preSolution
		Debug|Any CPU = Debug|Any CPU
		Release|Any CPU = Release|Any CPU
	EndGlobalSection
	GlobalSection(ProjectConfigurationPlatforms) = postSolution
		{999068EB-3B38-49F4-8DC8-30B284986DAB}.Debug|Any CPU.ActiveCfg = Debug|Any CPU
		{999068EB-3B38-49F4-8DC8-30B284986DAB}.Debug|Any CPU.Build.0 = Debug|Any CPU
		{999068EB-3B38-49F4-8DC8-30B284986DAB}.Release|Any CPU.ActiveCfg = Release|Any CPU
		{999068EB-3B38-49F4-8DC8-30B284986DAB}.Release|Any CPU.Build.0 = Release|Any CPU
	EndGlobalSection
	GlobalSection(SolutionProperties) = preSolution
		HideSolutionNode = FALSE
	EndGlobalSection
	GlobalSection(ExtensibilityGlobals) = postSolution
		SolutionGuid = {5CC1FE12-D00C-4A44-B4EC-8C0FD15B131A}
	EndGlobalSection
EndGlobal
